
Microsoft Visual Studio Solution File, Format Version 12.00
# Visual Studio 15
VisualStudioVersion = 15.0.27428.2027
MinimumVisualStudioVersion = 10.0.40219.1
Project("{9A19103F-16F7-4668-BE54-9A1E7A4F7556}") = "ArvidDev.Extensions.DependencyInjection.CustomBinding", "ArvidDev.Extensions.DependencyInjection.CustomBinding\ArvidDev.Extensions.DependencyInjection.CustomBinding.csproj", "{9BB719A3-AFE1-4FE5-892A-DBA8E0D1745F}"
EndProject
Project("{9A19103F-16F7-4668-BE54-9A1E7A4F7556}") = "NetCoreApiExample", "NetCoreApiExample\NetCoreApiExample.csproj", "{AAC24C11-907A-4CF5-9164-D5C40A28DCC7}"
EndProject
Project("{FAE04EC0-301F-11D3-BF4B-00C04F79EFBC}") = "UnitTests", "UnitTests\UnitTests.csproj", "{71D41816-3C07-4B40-9946-3D44354C189F}"
EndProject
Global
	GlobalSection(SolutionConfigurationPlatforms) = preSolution
		Debug|Any CPU = Debug|Any CPU
		Release|Any CPU = Release|Any CPU
	EndGlobalSection
	GlobalSection(ProjectConfigurationPlatforms) = postSolution
		{9BB719A3-AFE1-4FE5-892A-DBA8E0D1745F}.Debug|Any CPU.ActiveCfg = Debug|Any CPU
		{9BB719A3-AFE1-4FE5-892A-DBA8E0D1745F}.Debug|Any CPU.Build.0 = Debug|Any CPU
		{9BB719A3-AFE1-4FE5-892A-DBA8E0D1745F}.Release|Any CPU.ActiveCfg = Release|Any CPU
		{9BB719A3-AFE1-4FE5-892A-DBA8E0D1745F}.Release|Any CPU.Build.0 = Release|Any CPU
		{AAC24C11-907A-4CF5-9164-D5C40A28DCC7}.Debug|Any CPU.ActiveCfg = Debug|Any CPU
		{AAC24C11-907A-4CF5-9164-D5C40A28DCC7}.Debug|Any CPU.Build.0 = Debug|Any CPU
		{AAC24C11-907A-4CF5-9164-D5C40A28DCC7}.Release|Any CPU.ActiveCfg = Release|Any CPU
		{AAC24C11-907A-4CF5-9164-D5C40A28DCC7}.Release|Any CPU.Build.0 = Release|Any CPU
		{71D41816-3C07-4B40-9946-3D44354C189F}.Debug|Any CPU.ActiveCfg = Debug|Any CPU
		{71D41816-3C07-4B40-9946-3D44354C189F}.Debug|Any CPU.Build.0 = Debug|Any CPU
		{71D41816-3C07-4B40-9946-3D44354C189F}.Release|Any CPU.ActiveCfg = Release|Any CPU
		{71D41816-3C07-4B40-9946-3D44354C189F}.Release|Any CPU.Build.0 = Release|Any CPU
	EndGlobalSection
	GlobalSection(SolutionProperties) = preSolution
		HideSolutionNode = FALSE
	EndGlobalSection
	GlobalSection(ExtensibilityGlobals) = postSolution
		SolutionGuid = {18389EFB-FB24-4853-A126-BA81D4229D79}
	EndGlobalSection
EndGlobal
